
Microsoft Visual Studio Solution File, Format Version 12.00
# Visual Studio Version 16
VisualStudioVersion = 16.0.30523.141
MinimumVisualStudioVersion = 10.0.40219.1
Project("{FAE04EC0-301F-11D3-BF4B-00C04F79EFBC}") = "Advanced_2021_Multidimensional_Arrays", "Advanced_2021_Multidimensional_Arrays\Advanced_2021_Multidimensional_Arrays.csproj", "{DF254CCC-CF07-45C3-843F-5A22F2B319B1}"
EndProject
Global
	GlobalSection(SolutionConfigurationPlatforms) = preSolution
		Debug|Any CPU = Debug|Any CPU
		Release|Any CPU = Release|Any CPU
	EndGlobalSection
	GlobalSection(ProjectConfigurationPlatforms) = postSolution
		{DF254CCC-CF07-45C3-843F-5A22F2B319B1}.Debug|Any CPU.ActiveCfg = Debug|Any CPU
		{DF254CCC-CF07-45C3-843F-5A22F2B319B1}.Debug|Any CPU.Build.0 = Debug|Any CPU
		{DF254CCC-CF07-45C3-843F-5A22F2B319B1}.Release|Any CPU.ActiveCfg = Release|Any CPU
		{DF254CCC-CF07-45C3-843F-5A22F2B319B1}.Release|Any CPU.Build.0 = Release|Any CPU
	EndGlobalSection
	GlobalSection(SolutionProperties) = preSolution
		HideSolutionNode = FALSE
	EndGlobalSection
	GlobalSection(ExtensibilityGlobals) = postSolution
		SolutionGuid = {684E1449-EC93-469B-BD71-3354F4991350}
	EndGlobalSection
EndGlobal
